<?xml version="1.0" encoding="utf-8"?>
<Project ToolsVersion="4.0" xmlns="http://schemas.microsoft.com/developer/msbuild/2003">
  <ItemGroup>
    <Filter Include="Generated Files">
      <UniqueIdentifier>{71ED8ED8-ACB9-4CE9-BBE1-E00B30144E11}</UniqueIdentifier>
      <Extensions>cpp;c;cxx;moc;h;def;odl;idl;res;</Extensions>
    </Filter>
    <Filter Include="Generated Files">
      <UniqueIdentifier>{71ED8ED8-ACB9-4CE9-BBE1-E00B30144E11}</UniqueIdentifier>
      <Extensions>cpp;c;cxx;moc;h;def;odl;idl;res;</Extensions>
    </Filter>
    <Filter Include="Header Files">
      <UniqueIdentifier>{93995380-89BD-4b04-88EB-625FBE52EBFB}</UniqueIdentifier>
      <Extensions>h;hpp;hxx;hm;inl;inc;xsd</Extensions>
    </Filter>
    <Filter Include="Source Files">
      <UniqueIdentifier>{4FC737F1-C7A5-4376-A066-2A32D752A2FF}</UniqueIdentifier>
      <Extensions>cpp;c;cxx;def;odl;idl;hpj;bat;asm;asmx</Extensions>
    </Filter>
    <Filter Include="Generated Files\Debug">
      <UniqueIdentifier>{06ca07b6-fa29-40aa-8c23-4f1dee66a156}</UniqueIdentifier>
      <Extensions>cpp;moc</Extensions>
      <SourceControlFiles>False</SourceControlFiles>
    </Filter>
    <Filter Include="Generated Files\Release">
      <UniqueIdentifier>{4646c70f-20d2-4e15-95c8-5c04f300b0b7}</UniqueIdentifier>
      <Extensions>cpp;moc</Extensions>
      <SourceControlFiles>False</SourceControlFiles>
    </Filter>
    <Filter Include="editor">
      <UniqueIdentifier>{3c313d46-4051-4edd-b297-0ac4bebfd88d}</UniqueIdentifier>
    </Filter>
    <Filter Include="3rd">
      <UniqueIdentifier>{3f0b3f99-c481-4abb-b57e-3a3eaacc5da8}</UniqueIdentifier>
    </Filter>
    <Filter Include="3rd\heodown">
      <UniqueIdentifier>{c0137612-d382-4571-9f61-624d9d9865d3}</UniqueIdentifier>
    </Filter>
    <Filter Include="3rd\python">
      <UniqueIdentifier>{2f6cf0e5-a776-451a-aaab-afc92be920e4}</UniqueIdentifier>
    </Filter>
    <Filter Include="tool">
      <UniqueIdentifier>{36da4f68-ee10-477b-b722-7d9562bef353}</UniqueIdentifier>
    </Filter>
  </ItemGroup>
  <ItemGroup>
    <ClCompile Include="editor\config.cpp">
      <Filter>editor</Filter>
    </ClCompile>
    <ClCompile Include="editor\editor.cpp">
      <Filter>editor</Filter>
    </ClCompile>
    <ClCompile Include="Debug\moc_editor.cpp">
      <Filter>Generated Files\Debug</Filter>
    </ClCompile>
    <ClCompile Include="Release\moc_editor.cpp">
      <Filter>Generated Files\Release</Filter>
    </ClCompile>
    <ClCompile Include="editor\evernotewidget.cpp">
      <Filter>editor</Filter>
    </ClCompile>
    <ClCompile Include="Debug\moc_evernotewidget.cpp">
      <Filter>Generated Files\Debug</Filter>
    </ClCompile>
    <ClCompile Include="Release\moc_evernotewidget.cpp">
      <Filter>Generated Files\Release</Filter>
    </ClCompile>
    <ClCompile Include="editor\mainwindow.cpp">
      <Filter>editor</Filter>
    </ClCompile>
    <ClCompile Include="Debug\moc_mainwindow.cpp">
      <Filter>Generated Files\Debug</Filter>
    </ClCompile>
    <ClCompile Include="Release\moc_mainwindow.cpp">
      <Filter>Generated Files\Release</Filter>
    </ClCompile>
    <ClCompile Include="editor\preview.cpp">
      <Filter>editor</Filter>
    </ClCompile>
    <ClCompile Include="Debug\moc_preview.cpp">
      <Filter>Generated Files\Debug</Filter>
    </ClCompile>
    <ClCompile Include="Release\moc_preview.cpp">
      <Filter>Generated Files\Release</Filter>
    </ClCompile>
    <ClCompile Include="3rd\heodown\autolink.c">
      <Filter>3rd\heodown</Filter>
    </ClCompile>
    <ClCompile Include="3rd\heodown\buffer.c">
      <Filter>3rd\heodown</Filter>
    </ClCompile>
    <ClCompile Include="3rd\heodown\document.c">
      <Filter>3rd\heodown</Filter>
    </ClCompile>
    <ClCompile Include="3rd\heodown\escape.c">
      <Filter>3rd\heodown</Filter>
    </ClCompile>
    <ClCompile Include="3rd\heodown\html.c">
      <Filter>3rd\heodown</Filter>
    </ClCompile>
    <ClCompile Include="3rd\heodown\html_blocks.c">
      <Filter>3rd\heodown</Filter>
    </ClCompile>
    <ClCompile Include="3rd\heodown\html_smartypants.c">
      <Filter>3rd\heodown</Filter>
    </ClCompile>
    <ClCompile Include="3rd\heodown\stack.c">
      <Filter>3rd\heodown</Filter>
    </ClCompile>
    <ClCompile Include="3rd\heodown\version.c">
      <Filter>3rd\heodown</Filter>
    </ClCompile>
    <ClCompile Include="editor\main.cpp" />
    <ClCompile Include="tool\evernotemanager.cpp">
      <Filter>tool</Filter>
    </ClCompile>
  </ItemGroup>
  <ItemGroup>
    <ClInclude Include="editor\config.h">
      <Filter>editor</Filter>
    </ClInclude>
    <ClInclude Include="3rd\heodown\autolink.h">
      <Filter>3rd\heodown</Filter>
    </ClInclude>
    <ClInclude Include="3rd\heodown\buffer.h">
      <Filter>3rd\heodown</Filter>
    </ClInclude>
    <ClInclude Include="3rd\heodown\document.h">
      <Filter>3rd\heodown</Filter>
    </ClInclude>
    <ClInclude Include="3rd\heodown\escape.h">
      <Filter>3rd\heodown</Filter>
    </ClInclude>
    <ClInclude Include="3rd\heodown\html.h">
      <Filter>3rd\heodown</Filter>
    </ClInclude>
    <ClInclude Include="3rd\heodown\stack.h">
      <Filter>3rd\heodown</Filter>
    </ClInclude>
    <ClInclude Include="3rd\heodown\version.h">
      <Filter>3rd\heodown</Filter>
    </ClInclude>
    <ClInclude Include="3rd\python\abstract.h">
      <Filter>3rd\python</Filter>
    </ClInclude>
    <ClInclude Include="3rd\python\asdl.h">
      <Filter>3rd\python</Filter>
    </ClInclude>
    <ClInclude Include="3rd\python\ast.h">
      <Filter>3rd\python</Filter>
    </ClInclude>
    <ClInclude Include="3rd\python\bitset.h">
      <Filter>3rd\python</Filter>
    </ClInclude>
    <ClInclude Include="3rd\python\boolobject.h">
      <Filter>3rd\python</Filter>
    </ClInclude>
    <ClInclude Include="3rd\python\bufferobject.h">
      <Filter>3rd\python</Filter>
    </ClInclude>
    <ClInclude Include="3rd\python\bytearrayobject.h">
      <Filter>3rd\python</Filter>
    </ClInclude>
    <ClInclude Include="3rd\python\bytes_methods.h">
      <Filter>3rd\python</Filter>
    </ClInclude>
    <ClInclude Include="3rd\python\bytesobject.h">
      <Filter>3rd\python</Filter>
    </ClInclude>
    <ClInclude Include="3rd\python\cellobject.h">
      <Filter>3rd\python</Filter>
    </ClInclude>
    <ClInclude Include="3rd\python\ceval.h">
      <Filter>3rd\python</Filter>
    </ClInclude>
    <ClInclude Include="3rd\python\classobject.h">
      <Filter>3rd\python</Filter>
    </ClInclude>
    <ClInclude Include="3rd\python\cobject.h">
      <Filter>3rd\python</Filter>
    </ClInclude>
    <ClInclude Include="3rd\python\code.h">
      <Filter>3rd\python</Filter>
    </ClInclude>
    <ClInclude Include="3rd\python\codecs.h">
      <Filter>3rd\python</Filter>
    </ClInclude>
    <ClInclude Include="3rd\python\compile.h">
      <Filter>3rd\python</Filter>
    </ClInclude>
    <ClInclude Include="3rd\python\complexobject.h">
      <Filter>3rd\python</Filter>
    </ClInclude>
    <ClInclude Include="3rd\python\cStringIO.h">
      <Filter>3rd\python</Filter>
    </ClInclude>
    <ClInclude Include="3rd\python\datetime.h">
      <Filter>3rd\python</Filter>
    </ClInclude>
    <ClInclude Include="3rd\python\descrobject.h">
      <Filter>3rd\python</Filter>
    </ClInclude>
    <ClInclude Include="3rd\python\dictobject.h">
      <Filter>3rd\python</Filter>
    </ClInclude>
    <ClInclude Include="3rd\python\dtoa.h">
      <Filter>3rd\python</Filter>
    </ClInclude>
    <ClInclude Include="3rd\python\enumobject.h">
      <Filter>3rd\python</Filter>
    </ClInclude>
    <ClInclude Include="3rd\python\errcode.h">
      <Filter>3rd\python</Filter>
    </ClInclude>
    <ClInclude Include="3rd\python\eval.h">
      <Filter>3rd\python</Filter>
    </ClInclude>
    <ClInclude Include="3rd\python\fileobject.h">
      <Filter>3rd\python</Filter>
    </ClInclude>
    <ClInclude Include="3rd\python\floatobject.h">
      <Filter>3rd\python</Filter>
    </ClInclude>
    <ClInclude Include="3rd\python\frameobject.h">
      <Filter>3rd\python</Filter>
    </ClInclude>
    <ClInclude Include="3rd\python\funcobject.h">
      <Filter>3rd\python</Filter>
    </ClInclude>
    <ClInclude Include="3rd\python\genobject.h">
      <Filter>3rd\python</Filter>
    </ClInclude>
    <ClInclude Include="3rd\python\graminit.h">
      <Filter>3rd\python</Filter>
    </ClInclude>
    <ClInclude Include="3rd\python\grammar.h">
      <Filter>3rd\python</Filter>
    </ClInclude>
    <ClInclude Include="3rd\python\import.h">
      <Filter>3rd\python</Filter>
    </ClInclude>
    <ClInclude Include="3rd\python\intobject.h">
      <Filter>3rd\python</Filter>
    </ClInclude>
    <ClInclude Include="3rd\python\intrcheck.h">
      <Filter>3rd\python</Filter>
    </ClInclude>
    <ClInclude Include="3rd\python\iterobject.h">
      <Filter>3rd\python</Filter>
    </ClInclude>
    <ClInclude Include="3rd\python\listobject.h">
      <Filter>3rd\python</Filter>
    </ClInclude>
    <ClInclude Include="3rd\python\longintrepr.h">
      <Filter>3rd\python</Filter>
    </ClInclude>
    <ClInclude Include="3rd\python\longobject.h">
      <Filter>3rd\python</Filter>
    </ClInclude>
    <ClInclude Include="3rd\python\marshal.h">
      <Filter>3rd\python</Filter>
    </ClInclude>
    <ClInclude Include="3rd\python\memoryobject.h">
      <Filter>3rd\python</Filter>
    </ClInclude>
    <ClInclude Include="3rd\python\metagrammar.h">
      <Filter>3rd\python</Filter>
    </ClInclude>
    <ClInclude Include="3rd\python\methodobject.h">
      <Filter>3rd\python</Filter>
    </ClInclude>
    <ClInclude Include="3rd\python\modsupport.h">
      <Filter>3rd\python</Filter>
    </ClInclude>
    <ClInclude Include="3rd\python\moduleobject.h">
      <Filter>3rd\python</Filter>
    </ClInclude>
    <ClInclude Include="3rd\python\node.h">
      <Filter>3rd\python</Filter>
    </ClInclude>
    <ClInclude Include="3rd\python\object.h">
      <Filter>3rd\python</Filter>
    </ClInclude>
    <ClInclude Include="3rd\python\objimpl.h">
      <Filter>3rd\python</Filter>
    </ClInclude>
    <ClInclude Include="3rd\python\opcode.h">
      <Filter>3rd\python</Filter>
    </ClInclude>
    <ClInclude Include="3rd\python\osdefs.h">
      <Filter>3rd\python</Filter>
    </ClInclude>
    <ClInclude Include="3rd\python\parsetok.h">
      <Filter>3rd\python</Filter>
    </ClInclude>
    <ClInclude Include="3rd\python\patchlevel.h">
      <Filter>3rd\python</Filter>
    </ClInclude>
    <ClInclude Include="3rd\python\pgen.h">
      <Filter>3rd\python</Filter>
    </ClInclude>
    <ClInclude Include="3rd\python\pgenheaders.h">
      <Filter>3rd\python</Filter>
    </ClInclude>
    <ClInclude Include="3rd\python\py_curses.h">
      <Filter>3rd\python</Filter>
    </ClInclude>
    <ClInclude Include="3rd\python\pyarena.h">
      <Filter>3rd\python</Filter>
    </ClInclude>
    <ClInclude Include="3rd\python\pycapsule.h">
      <Filter>3rd\python</Filter>
    </ClInclude>
    <ClInclude Include="3rd\python\pyconfig.h">
      <Filter>3rd\python</Filter>
    </ClInclude>
    <ClInclude Include="3rd\python\pyctype.h">
      <Filter>3rd\python</Filter>
    </ClInclude>
    <ClInclude Include="3rd\python\pydebug.h">
      <Filter>3rd\python</Filter>
    </ClInclude>
    <ClInclude Include="3rd\python\pyerrors.h">
      <Filter>3rd\python</Filter>
    </ClInclude>
    <ClInclude Include="3rd\python\pyexpat.h">
      <Filter>3rd\python</Filter>
    </ClInclude>
    <ClInclude Include="3rd\python\pyfpe.h">
      <Filter>3rd\python</Filter>
    </ClInclude>
    <ClInclude Include="3rd\python\pygetopt.h">
      <Filter>3rd\python</Filter>
    </ClInclude>
    <ClInclude Include="3rd\python\pymacconfig.h">
      <Filter>3rd\python</Filter>
    </ClInclude>
    <ClInclude Include="3rd\python\pymactoolbox.h">
      <Filter>3rd\python</Filter>
    </ClInclude>
    <ClInclude Include="3rd\python\pymath.h">
      <Filter>3rd\python</Filter>
    </ClInclude>
    <ClInclude Include="3rd\python\pymem.h">
      <Filter>3rd\python</Filter>
    </ClInclude>
    <ClInclude Include="3rd\python\pyport.h">
      <Filter>3rd\python</Filter>
    </ClInclude>
    <ClInclude Include="3rd\python\pystate.h">
      <Filter>3rd\python</Filter>
    </ClInclude>
    <ClInclude Include="3rd\python\pystrcmp.h">
      <Filter>3rd\python</Filter>
    </ClInclude>
    <ClInclude Include="3rd\python\pystrtod.h">
      <Filter>3rd\python</Filter>
    </ClInclude>
    <ClInclude Include="3rd\python\Python.h">
      <Filter>3rd\python</Filter>
    </ClInclude>
    <ClInclude Include="3rd\python\Python-ast.h">
      <Filter>3rd\python</Filter>
    </ClInclude>
    <ClInclude Include="3rd\python\pythonrun.h">
      <Filter>3rd\python</Filter>
    </ClInclude>
    <ClInclude Include="3rd\python\pythread.h">
      <Filter>3rd\python</Filter>
    </ClInclude>
    <ClInclude Include="3rd\python\rangeobject.h">
      <Filter>3rd\python</Filter>
    </ClInclude>
    <ClInclude Include="3rd\python\setobject.h">
      <Filter>3rd\python</Filter>
    </ClInclude>
    <ClInclude Include="3rd\python\sliceobject.h">
      <Filter>3rd\python</Filter>
    </ClInclude>
    <ClInclude Include="3rd\python\stringobject.h">
      <Filter>3rd\python</Filter>
    </ClInclude>
    <ClInclude Include="3rd\python\structmember.h">
      <Filter>3rd\python</Filter>
    </ClInclude>
    <ClInclude Include="3rd\python\structseq.h">
      <Filter>3rd\python</Filter>
    </ClInclude>
    <ClInclude Include="3rd\python\symtable.h">
      <Filter>3rd\python</Filter>
    </ClInclude>
    <ClInclude Include="3rd\python\sysmodule.h">
      <Filter>3rd\python</Filter>
    </ClInclude>
    <ClInclude Include="3rd\python\timefuncs.h">
      <Filter>3rd\python</Filter>
    </ClInclude>
    <ClInclude Include="3rd\python\token.h">
      <Filter>3rd\python</Filter>
    </ClInclude>
    <ClInclude Include="3rd\python\traceback.h">
      <Filter>3rd\python</Filter>
    </ClInclude>
    <ClInclude Include="3rd\python\tupleobject.h">
      <Filter>3rd\python</Filter>
    </ClInclude>
    <ClInclude Include="3rd\python\ucnhash.h">
      <Filter>3rd\python</Filter>
    </ClInclude>
    <ClInclude Include="3rd\python\unicodeobject.h">
      <Filter>3rd\python</Filter>
    </ClInclude>
    <ClInclude Include="3rd\python\warnings.h">
      <Filter>3rd\python</Filter>
    </ClInclude>
    <ClInclude Include="3rd\python\weakrefobject.h">
      <Filter>3rd\python</Filter>
    </ClInclude>
    <ClInclude Include="tool\evernotemanager.h">
      <Filter>tool</Filter>
    </ClInclude>
  </ItemGroup>
  <ItemGroup>
    <CustomBuild Include="editor\editor.h">
      <Filter>editor</Filter>
    </CustomBuild>
    <CustomBuild Include="editor\evernotewidget.h">
      <Filter>editor</Filter>
    </CustomBuild>
    <CustomBuild Include="editor\mainwindow.h">
      <Filter>editor</Filter>
    </CustomBuild>
    <CustomBuild Include="editor\preview.h">
      <Filter>editor</Filter>
    </CustomBuild>
  </ItemGroup>
</Project>